
Microsoft Visual Studio Solution File, Format Version 12.00
# Visual Studio Version 16
VisualStudioVersion = 16.0.31313.79
MinimumVisualStudioVersion = 10.0.40219.1
Project("{FAE04EC0-301F-11D3-BF4B-00C04F79EFBC}") = "AluraFlix.WebApi", "AluraFlix.WebApi\AluraFlix.WebApi.csproj", "{2638C8BB-760A-47FF-912B-A464F19FF8AD}"
EndProject
Project("{2150E333-8FDC-42A3-9474-1A3956D46DE8}") = "0-Domain", "0-Domain", "{DFE6B95F-7BDC-4065-8C3E-6A09EC64E557}"
EndProject
Project("{2150E333-8FDC-42A3-9474-1A3956D46DE8}") = "1-Infra", "1-Infra", "{CA5F4E85-71A4-4F5D-A244-084F79FA5342}"
EndProject
Project("{2150E333-8FDC-42A3-9474-1A3956D46DE8}") = "2-Services", "2-Services", "{CCF4B29F-D3AF-45CB-ADED-7F56A5A89FDF}"
EndProject
Project("{2150E333-8FDC-42A3-9474-1A3956D46DE8}") = "3-Tests", "3-Tests", "{08A75880-8EC6-4D6F-BD9E-4A14E3CB48EE}"
EndProject
Project("{FAE04EC0-301F-11D3-BF4B-00C04F79EFBC}") = "AluraFlix.Domain", "AluraFlix.Domain\AluraFlix.Domain.csproj", "{31EE3FC0-656E-46AB-B8E2-A3554148634E}"
EndProject
Project("{FAE04EC0-301F-11D3-BF4B-00C04F79EFBC}") = "AluraFlix.Tests", "AluraFlix.Tests\AluraFlix.Tests.csproj", "{77CB9FB0-DC9D-4256-B0D9-7AECF8CE01AC}"
EndProject
Project("{FAE04EC0-301F-11D3-BF4B-00C04F79EFBC}") = "AluraFlix.EFPersistence", "AluraFlix.EFPersistence\AluraFlix.EFPersistence.csproj", "{CE46CCDB-CE62-4371-AB86-BFE91A55893B}"
EndProject
Global
	GlobalSection(SolutionConfigurationPlatforms) = preSolution
		Debug|Any CPU = Debug|Any CPU
		Release|Any CPU = Release|Any CPU
	EndGlobalSection
	GlobalSection(ProjectConfigurationPlatforms) = postSolution
		{2638C8BB-760A-47FF-912B-A464F19FF8AD}.Debug|Any CPU.ActiveCfg = Debug|Any CPU
		{2638C8BB-760A-47FF-912B-A464F19FF8AD}.Debug|Any CPU.Build.0 = Debug|Any CPU
		{2638C8BB-760A-47FF-912B-A464F19FF8AD}.Release|Any CPU.ActiveCfg = Release|Any CPU
		{2638C8BB-760A-47FF-912B-A464F19FF8AD}.Release|Any CPU.Build.0 = Release|Any CPU
		{31EE3FC0-656E-46AB-B8E2-A3554148634E}.Debug|Any CPU.ActiveCfg = Debug|Any CPU
		{31EE3FC0-656E-46AB-B8E2-A3554148634E}.Debug|Any CPU.Build.0 = Debug|Any CPU
		{31EE3FC0-656E-46AB-B8E2-A3554148634E}.Release|Any CPU.ActiveCfg = Release|Any CPU
		{31EE3FC0-656E-46AB-B8E2-A3554148634E}.Release|Any CPU.Build.0 = Release|Any CPU
		{77CB9FB0-DC9D-4256-B0D9-7AECF8CE01AC}.Debug|Any CPU.ActiveCfg = Debug|Any CPU
		{77CB9FB0-DC9D-4256-B0D9-7AECF8CE01AC}.Debug|Any CPU.Build.0 = Debug|Any CPU
		{77CB9FB0-DC9D-4256-B0D9-7AECF8CE01AC}.Release|Any CPU.ActiveCfg = Release|Any CPU
		{77CB9FB0-DC9D-4256-B0D9-7AECF8CE01AC}.Release|Any CPU.Build.0 = Release|Any CPU
		{CE46CCDB-CE62-4371-AB86-BFE91A55893B}.Debug|Any CPU.ActiveCfg = Debug|Any CPU
		{CE46CCDB-CE62-4371-AB86-BFE91A55893B}.Debug|Any CPU.Build.0 = Debug|Any CPU
		{CE46CCDB-CE62-4371-AB86-BFE91A55893B}.Release|Any CPU.ActiveCfg = Release|Any CPU
		{CE46CCDB-CE62-4371-AB86-BFE91A55893B}.Release|Any CPU.Build.0 = Release|Any CPU
	EndGlobalSection
	GlobalSection(SolutionProperties) = preSolution
		HideSolutionNode = FALSE
	EndGlobalSection
	GlobalSection(NestedProjects) = preSolution
		{31EE3FC0-656E-46AB-B8E2-A3554148634E} = {DFE6B95F-7BDC-4065-8C3E-6A09EC64E557}
		{77CB9FB0-DC9D-4256-B0D9-7AECF8CE01AC} = {08A75880-8EC6-4D6F-BD9E-4A14E3CB48EE}
		{CE46CCDB-CE62-4371-AB86-BFE91A55893B} = {CA5F4E85-71A4-4F5D-A244-084F79FA5342}
	EndGlobalSection
	GlobalSection(ExtensibilityGlobals) = postSolution
		SolutionGuid = {DA277794-11ED-48A7-9463-5EDC1D089840}
	EndGlobalSection
EndGlobal
